// !$*UTF8*$!
{
	archiveVersion = 1;
	classes = {
	};
	objectVersion = 48;
	objects = {

/* Begin PBXBuildFile section */
		160DADA41FB61D090051ADA9 /* search.png in Resources */ = {isa = PBXBuildFile; fileRef = 160DADA31FB61D090051ADA9 /* search.png */; };
		162538531FB60E010067EC67 /* Assets.xcassets in Resources */ = {isa = PBXBuildFile; fileRef = 162538521FB60E010067EC67 /* Assets.xcassets */; };
		1625385A1FB60E010067EC67 /* Quizlet With Friends MessagesExtension.appex in Embed App Extensions */ = {isa = PBXBuildFile; fileRef = 162538591FB60E010067EC67 /* Quizlet With Friends MessagesExtension.appex */; settings = {ATTRIBUTES = (RemoveHeadersOnCopy, ); }; };
		1625385F1FB60E010067EC67 /* Messages.framework in Frameworks */ = {isa = PBXBuildFile; fileRef = 1625385E1FB60E010067EC67 /* Messages.framework */; };
		162538621FB60E010067EC67 /* MessagesViewController.swift in Sources */ = {isa = PBXBuildFile; fileRef = 162538611FB60E010067EC67 /* MessagesViewController.swift */; };
		162538651FB60E010067EC67 /* MainInterface.storyboard in Resources */ = {isa = PBXBuildFile; fileRef = 162538631FB60E010067EC67 /* MainInterface.storyboard */; };
		162538671FB60E010067EC67 /* Assets.xcassets in Resources */ = {isa = PBXBuildFile; fileRef = 162538661FB60E010067EC67 /* Assets.xcassets */; };
		16D0A65E1FC15EE5007FEA66 /* quizlet.png in Resources */ = {isa = PBXBuildFile; fileRef = 16D0A65B1FC15EE5007FEA66 /* quizlet.png */; };
		16D0A65F1FC15EE5007FEA66 /* quizletRed.png in Resources */ = {isa = PBXBuildFile; fileRef = 16D0A65C1FC15EE5007FEA66 /* quizletRed.png */; };
		16D0A6601FC15EE5007FEA66 /* quizletGreen.png in Resources */ = {isa = PBXBuildFile; fileRef = 16D0A65D1FC15EE5007FEA66 /* quizletGreen.png */; };
/* End PBXBuildFile section */

/* Begin PBXContainerItemProxy section */
		1625385B1FB60E010067EC67 /* PBXContainerItemProxy */ = {
			isa = PBXContainerItemProxy;
			containerPortal = 162538491FB60E000067EC67 /* Project object */;
			proxyType = 1;
			remoteGlobalIDString = 162538581FB60E010067EC67;
			remoteInfo = "Quizlet With Friends MessagesExtension";
		};
/* End PBXContainerItemProxy section */

/* Begin PBXCopyFilesBuildPhase section */
		1625386E1FB60E010067EC67 /* Embed App Extensions */ = {
			isa = PBXCopyFilesBuildPhase;
			buildActionMask = 2147483647;
			dstPath = "";
			dstSubfolderSpec = 13;
			files = (
				1625385A1FB60E010067EC67 /* Quizlet With Friends MessagesExtension.appex in Embed App Extensions */,
			);
			name = "Embed App Extensions";
			runOnlyForDeploymentPostprocessing = 0;
		};
/* End PBXCopyFilesBuildPhase section */

/* Begin PBXFileReference section */
		160DADA31FB61D090051ADA9 /* search.png */ = {isa = PBXFileReference; lastKnownFileType = image.png; path = search.png; sourceTree = "<group>"; };
		1625384F1FB60E000067EC67 /* Quizlet With Friends.app */ = {isa = PBXFileReference; explicitFileType = wrapper.application; includeInIndex = 0; path = "Quizlet With Friends.app"; sourceTree = BUILT_PRODUCTS_DIR; };
		162538521FB60E010067EC67 /* Assets.xcassets */ = {isa = PBXFileReference; lastKnownFileType = folder.assetcatalog; path = Assets.xcassets; sourceTree = "<group>"; };
		162538541FB60E010067EC67 /* Info.plist */ = {isa = PBXFileReference; lastKnownFileType = text.plist.xml; path = Info.plist; sourceTree = "<group>"; };
		162538591FB60E010067EC67 /* Quizlet With Friends MessagesExtension.appex */ = {isa = PBXFileReference; explicitFileType = "wrapper.app-extension"; includeInIndex = 0; path = "Quizlet With Friends MessagesExtension.appex"; sourceTree = BUILT_PRODUCTS_DIR; };
		1625385E1FB60E010067EC67 /* Messages.framework */ = {isa = PBXFileReference; lastKnownFileType = wrapper.framework; name = Messages.framework; path = System/Library/Frameworks/Messages.framework; sourceTree = SDKROOT; };
		162538611FB60E010067EC67 /* MessagesViewController.swift */ = {isa = PBXFileReference; lastKnownFileType = sourcecode.swift; path = MessagesViewController.swift; sourceTree = "<group>"; };
		162538641FB60E010067EC67 /* Base */ = {isa = PBXFileReference; lastKnownFileType = file.storyboard; name = Base; path = Base.lproj/MainInterface.storyboard; sourceTree = "<group>"; };
		162538661FB60E010067EC67 /* Assets.xcassets */ = {isa = PBXFileReference; lastKnownFileType = folder.assetcatalog; path = Assets.xcassets; sourceTree = "<group>"; };
		162538681FB60E010067EC67 /* Info.plist */ = {isa = PBXFileReference; lastKnownFileType = text.plist.xml; path = Info.plist; sourceTree = "<group>"; };
		16D0A65B1FC15EE5007FEA66 /* quizlet.png */ = {isa = PBXFileReference; lastKnownFileType = image.png; path = quizlet.png; sourceTree = "<group>"; };
		16D0A65C1FC15EE5007FEA66 /* quizletRed.png */ = {isa = PBXFileReference; lastKnownFileType = image.png; path = quizletRed.png; sourceTree = "<group>"; };
		16D0A65D1FC15EE5007FEA66 /* quizletGreen.png */ = {isa = PBXFileReference; lastKnownFileType = image.png; path = quizletGreen.png; sourceTree = "<group>"; };
/* End PBXFileReference section */

/* Begin PBXFrameworksBuildPhase section */
		162538561FB60E010067EC67 /* Frameworks */ = {
			isa = PBXFrameworksBuildPhase;
			buildActionMask = 2147483647;
			files = (
				1625385F1FB60E010067EC67 /* Messages.framework in Frameworks */,
			);
			runOnlyForDeploymentPostprocessing = 0;
		};
/* End PBXFrameworksBuildPhase section */

/* Begin PBXGroup section */
		162538481FB60E000067EC67 = {
			isa = PBXGroup;
			children = (
				162538511FB60E010067EC67 /* Quizlet With Friends */,
				162538601FB60E010067EC67 /* Quizlet With Friends MessagesExtension */,
				1625385D1FB60E010067EC67 /* Frameworks */,
				162538501FB60E000067EC67 /* Products */,
			);
			sourceTree = "<group>";
		};
		162538501FB60E000067EC67 /* Products */ = {
			isa = PBXGroup;
			children = (
				1625384F1FB60E000067EC67 /* Quizlet With Friends.app */,
				162538591FB60E010067EC67 /* Quizlet With Friends MessagesExtension.appex */,
			);
			name = Products;
			sourceTree = "<group>";
		};
		162538511FB60E010067EC67 /* Quizlet With Friends */ = {
			isa = PBXGroup;
			children = (
				162538521FB60E010067EC67 /* Assets.xcassets */,
				162538541FB60E010067EC67 /* Info.plist */,
			);
			path = "Quizlet With Friends";
			sourceTree = "<group>";
		};
		1625385D1FB60E010067EC67 /* Frameworks */ = {
			isa = PBXGroup;
			children = (
				1625385E1FB60E010067EC67 /* Messages.framework */,
			);
			name = Frameworks;
			sourceTree = "<group>";
		};
		162538601FB60E010067EC67 /* Quizlet With Friends MessagesExtension */ = {
			isa = PBXGroup;
			children = (
				160DADA31FB61D090051ADA9 /* search.png */,
				16D0A65B1FC15EE5007FEA66 /* quizlet.png */,
				16D0A65D1FC15EE5007FEA66 /* quizletGreen.png */,
				16D0A65C1FC15EE5007FEA66 /* quizletRed.png */,
				162538611FB60E010067EC67 /* MessagesViewController.swift */,
				162538631FB60E010067EC67 /* MainInterface.storyboard */,
				162538661FB60E010067EC67 /* Assets.xcassets */,
				162538681FB60E010067EC67 /* Info.plist */,
			);
			path = "Quizlet With Friends MessagesExtension";
			sourceTree = "<group>";
		};
/* End PBXGroup section */

/* Begin PBXNativeTarget section */
		1625384E1FB60E000067EC67 /* Quizlet With Friends */ = {
			isa = PBXNativeTarget;
			buildConfigurationList = 1625386F1FB60E010067EC67 /* Build configuration list for PBXNativeTarget "Quizlet With Friends" */;
			buildPhases = (
				1625384D1FB60E000067EC67 /* Resources */,
				1625386E1FB60E010067EC67 /* Embed App Extensions */,
			);
			buildRules = (
			);
			dependencies = (
				1625385C1FB60E010067EC67 /* PBXTargetDependency */,
			);
			name = "Quizlet With Friends";
			productName = "Quizlet With Friends";
			productReference = 1625384F1FB60E000067EC67 /* Quizlet With Friends.app */;
			productType = "com.apple.product-type.application.messages";
		};
		162538581FB60E010067EC67 /* Quizlet With Friends MessagesExtension */ = {
			isa = PBXNativeTarget;
			buildConfigurationList = 1625386B1FB60E010067EC67 /* Build configuration list for PBXNativeTarget "Quizlet With Friends MessagesExtension" */;
			buildPhases = (
				162538551FB60E010067EC67 /* Sources */,
				162538561FB60E010067EC67 /* Frameworks */,
				162538571FB60E010067EC67 /* Resources */,
			);
			buildRules = (
			);
			dependencies = (
			);
			name = "Quizlet With Friends MessagesExtension";
			productName = "Quizlet With Friends MessagesExtension";
			productReference = 162538591FB60E010067EC67 /* Quizlet With Friends MessagesExtension.appex */;
			productType = "com.apple.product-type.app-extension.messages";
		};
/* End PBXNativeTarget section */

/* Begin PBXProject section */
		162538491FB60E000067EC67 /* Project object */ = {
			isa = PBXProject;
			attributes = {
				LastSwiftUpdateCheck = 0900;
				LastUpgradeCheck = 0900;
				ORGANIZATIONNAME = "Leo Shao";
				TargetAttributes = {
					1625384E1FB60E000067EC67 = {
						CreatedOnToolsVersion = 9.0.1;
						ProvisioningStyle = Automatic;
					};
					162538581FB60E010067EC67 = {
						CreatedOnToolsVersion = 9.0.1;
						ProvisioningStyle = Automatic;
					};
				};
			};
			buildConfigurationList = 1625384C1FB60E000067EC67 /* Build configuration list for PBXProject "Quizlet With Friends" */;
			compatibilityVersion = "Xcode 8.0";
			developmentRegion = en;
			hasScannedForEncodings = 0;
			knownRegions = (
				en,
				Base,
			);
			mainGroup = 162538481FB60E000067EC67;
			productRefGroup = 162538501FB60E000067EC67 /* Products */;
			projectDirPath = "";
			projectRoot = "";
			targets = (
				1625384E1FB60E000067EC67 /* Quizlet With Friends */,
				162538581FB60E010067EC67 /* Quizlet With Friends MessagesExtension */,
			);
		};
/* End PBXProject section */

/* Begin PBXResourcesBuildPhase section */
		1625384D1FB60E000067EC67 /* Resources */ = {
			isa = PBXResourcesBuildPhase;
			buildActionMask = 2147483647;
			files = (
				162538531FB60E010067EC67 /* Assets.xcassets in Resources */,
			);
			runOnlyForDeploymentPostprocessing = 0;
		};
		162538571FB60E010067EC67 /* Resources */ = {
			isa = PBXResourcesBuildPhase;
			buildActionMask = 2147483647;
			files = (
				16D0A6601FC15EE5007FEA66 /* quizletGreen.png in Resources */,
				16D0A65E1FC15EE5007FEA66 /* quizlet.png in Resources */,
				162538671FB60E010067EC67 /* Assets.xcassets in Resources */,
				160DADA41FB61D090051ADA9 /* search.png in Resources */,
				16D0A65F1FC15EE5007FEA66 /* quizletRed.png in Resources */,
				162538651FB60E010067EC67 /* MainInterface.storyboard in Resources */,
			);
			runOnlyForDeploymentPostprocessing = 0;
		};
/* End PBXResourcesBuildPhase section */

/* Begin PBXSourcesBuildPhase section */
		162538551FB60E010067EC67 /* Sources */ = {
			isa = PBXSourcesBuildPhase;
			buildActionMask = 2147483647;
			files = (
				162538621FB60E010067EC67 /* MessagesViewController.swift in Sources */,
			);
			runOnlyForDeploymentPostprocessing = 0;
		};
/* End PBXSourcesBuildPhase section */

/* Begin PBXTargetDependency section */
		1625385C1FB60E010067EC67 /* PBXTargetDependency */ = {
			isa = PBXTargetDependency;
			target = 162538581FB60E010067EC67 /* Quizlet With Friends MessagesExtension */;
			targetProxy = 1625385B1FB60E010067EC67 /* PBXContainerItemProxy */;
		};
/* End PBXTargetDependency section */

/* Begin PBXVariantGroup section */
		162538631FB60E010067EC67 /* MainInterface.storyboard */ = {
			isa = PBXVariantGroup;
			children = (
				162538641FB60E010067EC67 /* Base */,
			);
			name = MainInterface.storyboard;
			sourceTree = "<group>";
		};
/* End PBXVariantGroup section */

/* Begin XCBuildConfiguration section */
		162538691FB60E010067EC67 /* Debug */ = {
			isa = XCBuildConfiguration;
			buildSettings = {
				ALWAYS_SEARCH_USER_PATHS = NO;
				CLANG_ANALYZER_NONNULL = YES;
				CLANG_ANALYZER_NUMBER_OBJECT_CONVERSION = YES_AGGRESSIVE;
				CLANG_CXX_LANGUAGE_STANDARD = "gnu++14";
				CLANG_CXX_LIBRARY = "libc++";
				CLANG_ENABLE_MODULES = YES;
				CLANG_ENABLE_OBJC_ARC = YES;
				CLANG_WARN_BLOCK_CAPTURE_AUTORELEASING = YES;
				CLANG_WARN_BOOL_CONVERSION = YES;
				CLANG_WARN_COMMA = YES;
				CLANG_WARN_CONSTANT_CONVERSION = YES;
				CLANG_WARN_DIRECT_OBJC_ISA_USAGE = YES_ERROR;
				CLANG_WARN_DOCUMENTATION_COMMENTS = YES;
				CLANG_WARN_EMPTY_BODY = YES;
				CLANG_WARN_ENUM_CONVERSION = YES;
				CLANG_WARN_INFINITE_RECURSION = YES;
				CLANG_WARN_INT_CONVERSION = YES;
				CLANG_WARN_NON_LITERAL_NULL_CONVERSION = YES;
				CLANG_WARN_OBJC_LITERAL_CONVERSION = YES;
				CLANG_WARN_OBJC_ROOT_CLASS = YES_ERROR;
				CLANG_WARN_RANGE_LOOP_ANALYSIS = YES;
				CLANG_WARN_STRICT_PROTOTYPES = YES;
				CLANG_WARN_SUSPICIOUS_MOVE = YES;
				CLANG_WARN_UNGUARDED_AVAILABILITY = YES_AGGRESSIVE;
				CLANG_WARN_UNREACHABLE_CODE = YES;
				CLANG_WARN__DUPLICATE_METHOD_MATCH = YES;
				CODE_SIGN_IDENTITY = "iPhone Developer";
				COPY_PHASE_STRIP = NO;
				DEBUG_INFORMATION_FORMAT = dwarf;
				ENABLE_STRICT_OBJC_MSGSEND = YES;
				ENABLE_TESTABILITY = YES;
				GCC_C_LANGUAGE_STANDARD = gnu11;
				GCC_DYNAMIC_NO_PIC = NO;
				GCC_NO_COMMON_BLOCKS = YES;
				GCC_OPTIMIZATION_LEVEL = 0;
				GCC_PREPROCESSOR_DEFINITIONS = (
					"DEBUG=1",
					"$(inherited)",
				);
				GCC_WARN_64_TO_32_BIT_CONVERSION = YES;
				GCC_WARN_ABOUT_RETURN_TYPE = YES_ERROR;
				GCC_WARN_UNDECLARED_SELECTOR = YES;
				GCC_WARN_UNINITIALIZED_AUTOS = YES_AGGRESSIVE;
				GCC_WARN_UNUSED_FUNCTION = YES;
				GCC_WARN_UNUSED_VARIABLE = YES;
				IPHONEOS_DEPLOYMENT_TARGET = 11.0;
				MTL_ENABLE_DEBUG_INFO = YES;
				ONLY_ACTIVE_ARCH = YES;
				SDKROOT = iphoneos;
				SWIFT_ACTIVE_COMPILATION_CONDITIONS = DEBUG;
				SWIFT_OPTIMIZATION_LEVEL = "-Onone";
			};
			name = Debug;
		};
		1625386A1FB60E010067EC67 /* Release */ = {
			isa = XCBuildConfiguration;
			buildSettings = {
				ALWAYS_SEARCH_USER_PATHS = NO;
				CLANG_ANALYZER_NONNULL = YES;
				CLANG_ANALYZER_NUMBER_OBJECT_CONVERSION = YES_AGGRESSIVE;
				CLANG_CXX_LANGUAGE_STANDARD = "gnu++14";
				CLANG_CXX_LIBRARY = "libc++";
				CLANG_ENABLE_MODULES = YES;
				CLANG_ENABLE_OBJC_ARC = YES;
				CLANG_WARN_BLOCK_CAPTURE_AUTORELEASING = YES;
				CLANG_WARN_BOOL_CONVERSION = YES;
				CLANG_WARN_COMMA = YES;
				CLANG_WARN_CONSTANT_CONVERSION = YES;
				CLANG_WARN_DIRECT_OBJC_ISA_USAGE = YES_ERROR;
				CLANG_WARN_DOCUMENTATION_COMMENTS = YES;
				CLANG_WARN_EMPTY_BODY = YES;
				CLANG_WARN_ENUM_CONVERSION = YES;
				CLANG_WARN_INFINITE_RECURSION = YES;
				CLANG_WARN_INT_CONVERSION = YES;
				CLANG_WARN_NON_LITERAL_NULL_CONVERSION = YES;
				CLANG_WARN_OBJC_LITERAL_CONVERSION = YES;
				CLANG_WARN_OBJC_ROOT_CLASS = YES_ERROR;
				CLANG_WARN_RANGE_LOOP_ANALYSIS = YES;
				CLANG_WARN_STRICT_PROTOTYPES = YES;
				CLANG_WARN_SUSPICIOUS_MOVE = YES;
				CLANG_WARN_UNGUARDED_AVAILABILITY = YES_AGGRESSIVE;
				CLANG_WARN_UNREACHABLE_CODE = YES;
				CLANG_WARN__DUPLICATE_METHOD_MATCH = YES;
				CODE_SIGN_IDENTITY = "iPhone Developer";
				COPY_PHASE_STRIP = NO;
				DEBUG_INFORMATION_FORMAT = "dwarf-with-dsym";
				ENABLE_NS_ASSERTIONS = NO;
				ENABLE_STRICT_OBJC_MSGSEND = YES;
				GCC_C_LANGUAGE_STANDARD = gnu11;
				GCC_NO_COMMON_BLOCKS = YES;
				GCC_WARN_64_TO_32_BIT_CONVERSION = YES;
				GCC_WARN_ABOUT_RETURN_TYPE = YES_ERROR;
				GCC_WARN_UNDECLARED_SELECTOR = YES;
				GCC_WARN_UNINITIALIZED_AUTOS = YES_AGGRESSIVE;
				GCC_WARN_UNUSED_FUNCTION = YES;
				GCC_WARN_UNUSED_VARIABLE = YES;
				IPHONEOS_DEPLOYMENT_TARGET = 11.0;
				MTL_ENABLE_DEBUG_INFO = NO;
				SDKROOT = iphoneos;
				SWIFT_OPTIMIZATION_LEVEL = "-Owholemodule";
				VALIDATE_PRODUCT = YES;
			};
			name = Release;
		};
		1625386C1FB60E010067EC67 /* Debug */ = {
			isa = XCBuildConfiguration;
			buildSettings = {
				ASSETCATALOG_COMPILER_APPICON_NAME = "iMessage App Icon";
				CODE_SIGN_STYLE = Automatic;
				DEVELOPMENT_TEAM = GMP5EEF274;
				INFOPLIST_FILE = "Quizlet With Friends MessagesExtension/Info.plist";
				IPHONEOS_DEPLOYMENT_TARGET = 9.0;
				LD_RUNPATH_SEARCH_PATHS = "$(inherited) @executable_path/Frameworks @executable_path/../../Frameworks";
				PRODUCT_BUNDLE_IDENTIFIER = "com.leoshao.Quizlet-With-Friends.MessagesExtension";
				PRODUCT_NAME = "$(TARGET_NAME)";
				SKIP_INSTALL = YES;
				SWIFT_VERSION = 4.0;
				TARGETED_DEVICE_FAMILY = 1;
			};
			name = Debug;
		};
		1625386D1FB60E010067EC67 /* Release */ = {
			isa = XCBuildConfiguration;
			buildSettings = {
				ASSETCATALOG_COMPILER_APPICON_NAME = "iMessage App Icon";
				CODE_SIGN_STYLE = Automatic;
				DEVELOPMENT_TEAM = GMP5EEF274;
				INFOPLIST_FILE = "Quizlet With Friends MessagesExtension/Info.plist";
				IPHONEOS_DEPLOYMENT_TARGET = 9.0;
				LD_RUNPATH_SEARCH_PATHS = "$(inherited) @executable_path/Frameworks @executable_path/../../Frameworks";
				PRODUCT_BUNDLE_IDENTIFIER = "com.leoshao.Quizlet-With-Friends.MessagesExtension";
				PRODUCT_NAME = "$(TARGET_NAME)";
				SKIP_INSTALL = YES;
				SWIFT_VERSION = 4.0;
				TARGETED_DEVICE_FAMILY = 1;
			};
			name = Release;
		};
		162538701FB60E010067EC67 /* Debug */ = {
			isa = XCBuildConfiguration;
			buildSettings = {
				ALWAYS_EMBED_SWIFT_STANDARD_LIBRARIES = YES;
				ASSETCATALOG_COMPILER_APPICON_NAME = AppIcon;
				CODE_SIGN_STYLE = Automatic;
				DEVELOPMENT_TEAM = GMP5EEF274;
				INFOPLIST_FILE = "Quizlet With Friends/Info.plist";
				IPHONEOS_DEPLOYMENT_TARGET = 9.0;
				PRODUCT_BUNDLE_IDENTIFIER = "com.leoshao.Quizlet-With-Friends";
				PRODUCT_NAME = "$(TARGET_NAME)";
				SWIFT_VERSION = 4.0;
				TARGETED_DEVICE_FAMILY = 1;
			};
			name = Debug;
		};
		162538711FB60E010067EC67 /* Release */ = {
			isa = XCBuildConfiguration;
			buildSettings = {
				ALWAYS_EMBED_SWIFT_STANDARD_LIBRARIES = YES;
				ASSETCATALOG_COMPILER_APPICON_NAME = AppIcon;
				CODE_SIGN_STYLE = Automatic;
				DEVELOPMENT_TEAM = GMP5EEF274;
				INFOPLIST_FILE = "Quizlet With Friends/Info.plist";
				IPHONEOS_DEPLOYMENT_TARGET = 9.0;
				PRODUCT_BUNDLE_IDENTIFIER = "com.leoshao.Quizlet-With-Friends";
				PRODUCT_NAME = "$(TARGET_NAME)";
				SWIFT_VERSION = 4.0;
				TARGETED_DEVICE_FAMILY = 1;
			};
			name = Release;
		};
/* End XCBuildConfiguration section */

/* Begin XCConfigurationList section */
		1625384C1FB60E000067EC67 /* Build configuration list for PBXProject "Quizlet With Friends" */ = {
			isa = XCConfigurationList;
			buildConfigurations = (
				162538691FB60E010067EC67 /* Debug */,
				1625386A1FB60E010067EC67 /* Release */,
			);
			defaultConfigurationIsVisible = 0;
			defaultConfigurationName = Release;
		};
		1625386B1FB60E010067EC67 /* Build configuration list for PBXNativeTarget "Quizlet With Friends MessagesExtension" */ = {
			isa = XCConfigurationList;
			buildConfigurations = (
				1625386C1FB60E010067EC67 /* Debug */,
				1625386D1FB60E010067EC67 /* Release */,
			);
			defaultConfigurationIsVisible = 0;
			defaultConfigurationName = Release;
		};
		1625386F1FB60E010067EC67 /* Build configuration list for PBXNativeTarget "Quizlet With Friends" */ = {
			isa = XCConfigurationList;
			buildConfigurations = (
				162538701FB60E010067EC67 /* Debug */,
				162538711FB60E010067EC67 /* Release */,
			);
			defaultConfigurationIsVisible = 0;
			defaultConfigurationName = Release;
		};
/* End XCConfigurationList section */
	};
	rootObject = 162538491FB60E000067EC67 /* Project object */;
}
